
Microsoft Visual Studio Solution File, Format Version 12.00
# Visual Studio Version 16
VisualStudioVersion = 16.0.30717.126
MinimumVisualStudioVersion = 10.0.40219.1
Project("{FAE04EC0-301F-11D3-BF4B-00C04F79EFBC}") = "JachtyV2", "JachtyV2\JachtyV2.csproj", "{4F62D39E-B3C1-48F0-B740-775595575124}"
EndProject
Global
	GlobalSection(SolutionConfigurationPlatforms) = preSolution
		Debug|Any CPU = Debug|Any CPU
		Release|Any CPU = Release|Any CPU
	EndGlobalSection
	GlobalSection(ProjectConfigurationPlatforms) = postSolution
		{4F62D39E-B3C1-48F0-B740-775595575124}.Debug|Any CPU.ActiveCfg = Debug|Any CPU
		{4F62D39E-B3C1-48F0-B740-775595575124}.Debug|Any CPU.Build.0 = Debug|Any CPU
		{4F62D39E-B3C1-48F0-B740-775595575124}.Release|Any CPU.ActiveCfg = Release|Any CPU
		{4F62D39E-B3C1-48F0-B740-775595575124}.Release|Any CPU.Build.0 = Release|Any CPU
	EndGlobalSection
	GlobalSection(SolutionProperties) = preSolution
		HideSolutionNode = FALSE
	EndGlobalSection
	GlobalSection(ExtensibilityGlobals) = postSolution
		SolutionGuid = {47C9CF00-1A26-4EE4-BD16-42B7401E3C01}
	EndGlobalSection
EndGlobal
